{
  "version": 4,
  "terraform_version": "1.0.11",
  "serial": 5,
  "lineage": "41ad2e69-0d8c-db8d-91c9-49cf1d071c96",
  "outputs": {},
  "resources": [
    {
      "mode": "managed",
      "type": "azurerm_network_security_group",
      "name": "main",
      "provider": "provider[\"registry.terraform.io/hashicorp/azurerm\"]",
      "instances": [
        {
          "schema_version": 0,
          "attributes": {
            "id": "/subscriptions/8f25c6cb-7398-4054-8f25-3f950f7b0234/resourceGroups/839024ea-868d-4ed0-8c4f-d3b8562b1e53/providers/Microsoft.Network/networkSecurityGroups/SG-839024ea-868d-4ed0-8c4f-d3b8562b1e53",
            "location": "westeurope",
            "name": "SG-839024ea-868d-4ed0-8c4f-d3b8562b1e53",
            "resource_group_name": "839024ea-868d-4ed0-8c4f-d3b8562b1e53",
            "security_rule": [],
            "tags": {},
            "timeouts": null
          },
          "sensitive_attributes": [],
          "private": "eyJlMmJmYjczMC1lY2FhLTExZTYtOGY4OC0zNDM2M2JjN2M0YzAiOnsiY3JlYXRlIjoxODAwMDAwMDAwMDAwLCJkZWxldGUiOjE4MDAwMDAwMDAwMDAsInJlYWQiOjMwMDAwMDAwMDAwMCwidXBkYXRlIjoxODAwMDAwMDAwMDAwfX0=",
          "dependencies": [
            "azurerm_resource_group.main"
          ]
        }
      ]
    },
    {
      "mode": "managed",
      "type": "azurerm_resource_group",
      "name": "main",
      "provider": "provider[\"registry.terraform.io/hashicorp/azurerm\"]",
      "instances": [
        {
          "schema_version": 0,
          "attributes": {
            "id": "/subscriptions/8f25c6cb-7398-4054-8f25-3f950f7b0234/resourceGroups/839024ea-868d-4ed0-8c4f-d3b8562b1e53",
            "location": "westeurope",
            "name": "839024ea-868d-4ed0-8c4f-d3b8562b1e53",
            "tags": {},
            "timeouts": null
          },
          "sensitive_attributes": [],
          "private": "eyJlMmJmYjczMC1lY2FhLTExZTYtOGY4OC0zNDM2M2JjN2M0YzAiOnsiY3JlYXRlIjo1NDAwMDAwMDAwMDAwLCJkZWxldGUiOjU0MDAwMDAwMDAwMDAsInJlYWQiOjMwMDAwMDAwMDAwMCwidXBkYXRlIjo1NDAwMDAwMDAwMDAwfX0="
        }
      ]
    },
    {
      "mode": "managed",
      "type": "azurerm_virtual_network",
      "name": "main",
      "provider": "provider[\"registry.terraform.io/hashicorp/azurerm\"]",
      "instances": [
        {
          "schema_version": 0,
          "attributes": {
            "address_space": [
              "10.0.0.0/28"
            ],
            "bgp_community": "",
            "ddos_protection_plan": [],
            "dns_servers": [],
            "flow_timeout_in_minutes": 0,
            "guid": "c80cb13f-3ea0-4e51-b456-d7336c43fc00",
            "id": "/subscriptions/8f25c6cb-7398-4054-8f25-3f950f7b0234/resourceGroups/839024ea-868d-4ed0-8c4f-d3b8562b1e53/providers/Microsoft.Network/virtualNetworks/UP-839024ea-868d-4ed0-8c4f-d3b8562b1e53",
            "location": "westeurope",
            "name": "UP-839024ea-868d-4ed0-8c4f-d3b8562b1e53",
            "resource_group_name": "839024ea-868d-4ed0-8c4f-d3b8562b1e53",
            "subnet": [
              {
                "address_prefix": "10.0.0.0/29",
                "id": "/subscriptions/8f25c6cb-7398-4054-8f25-3f950f7b0234/resourceGroups/839024ea-868d-4ed0-8c4f-d3b8562b1e53/providers/Microsoft.Network/virtualNetworks/UP-839024ea-868d-4ed0-8c4f-d3b8562b1e53/subnets/public",
                "name": "public",
                "security_group": "/subscriptions/8f25c6cb-7398-4054-8f25-3f950f7b0234/resourceGroups/839024ea-868d-4ed0-8c4f-d3b8562b1e53/providers/Microsoft.Network/networkSecurityGroups/SG-839024ea-868d-4ed0-8c4f-d3b8562b1e53"
              },
              {
                "address_prefix": "10.0.0.8/29",
                "id": "/subscriptions/8f25c6cb-7398-4054-8f25-3f950f7b0234/resourceGroups/839024ea-868d-4ed0-8c4f-d3b8562b1e53/providers/Microsoft.Network/virtualNetworks/UP-839024ea-868d-4ed0-8c4f-d3b8562b1e53/subnets/private",
                "name": "private",
                "security_group": "/subscriptions/8f25c6cb-7398-4054-8f25-3f950f7b0234/resourceGroups/839024ea-868d-4ed0-8c4f-d3b8562b1e53/providers/Microsoft.Network/networkSecurityGroups/SG-839024ea-868d-4ed0-8c4f-d3b8562b1e53"
              }
            ],
            "tags": {},
            "timeouts": null,
            "vm_protection_enabled": false
          },
          "sensitive_attributes": [],
          "private": "eyJlMmJmYjczMC1lY2FhLTExZTYtOGY4OC0zNDM2M2JjN2M0YzAiOnsiY3JlYXRlIjoxODAwMDAwMDAwMDAwLCJkZWxldGUiOjE4MDAwMDAwMDAwMDAsInJlYWQiOjMwMDAwMDAwMDAwMCwidXBkYXRlIjoxODAwMDAwMDAwMDAwfX0=",
          "dependencies": [
            "azurerm_network_security_group.main",
            "azurerm_resource_group.main"
          ]
        }
      ]
    }
  ]
}
