{
  "version": 4,
  "terraform_version": "1.0.9",
  "serial": 4,
  "lineage": "9fa2f45a-1d00-baf8-e988-aa82b26ea79f",
  "outputs": {},
  "resources": [
    {
      "mode": "managed",
      "type": "azurerm_network_security_group",
      "name": "main",
      "provider": "provider[\"registry.terraform.io/hashicorp/azurerm\"]",
      "instances": [
        {
          "schema_version": 0,
          "attributes": {
            "id": "/subscriptions/8f25c6cb-7398-4054-8f25-3f950f7b0234/resourceGroups/565e6dab-0e8a-451e-a71c-c0a9747f468e/providers/Microsoft.Network/networkSecurityGroups/SG-565e6dab-0e8a-451e-a71c-c0a9747f468e",
            "location": "germanywestcentral",
            "name": "SG-565e6dab-0e8a-451e-a71c-c0a9747f468e",
            "resource_group_name": "565e6dab-0e8a-451e-a71c-c0a9747f468e",
            "security_rule": [],
            "tags": null,
            "timeouts": null
          },
          "sensitive_attributes": [],
          "private": "eyJlMmJmYjczMC1lY2FhLTExZTYtOGY4OC0zNDM2M2JjN2M0YzAiOnsiY3JlYXRlIjoxODAwMDAwMDAwMDAwLCJkZWxldGUiOjE4MDAwMDAwMDAwMDAsInJlYWQiOjMwMDAwMDAwMDAwMCwidXBkYXRlIjoxODAwMDAwMDAwMDAwfX0=",
          "dependencies": [
            "azurerm_resource_group.main"
          ]
        }
      ]
    },
    {
      "mode": "managed",
      "type": "azurerm_resource_group",
      "name": "main",
      "provider": "provider[\"registry.terraform.io/hashicorp/azurerm\"]",
      "instances": [
        {
          "schema_version": 0,
          "attributes": {
            "id": "/subscriptions/8f25c6cb-7398-4054-8f25-3f950f7b0234/resourceGroups/565e6dab-0e8a-451e-a71c-c0a9747f468e",
            "location": "germanywestcentral",
            "name": "565e6dab-0e8a-451e-a71c-c0a9747f468e",
            "tags": null,
            "timeouts": null
          },
          "sensitive_attributes": [],
          "private": "eyJlMmJmYjczMC1lY2FhLTExZTYtOGY4OC0zNDM2M2JjN2M0YzAiOnsiY3JlYXRlIjo1NDAwMDAwMDAwMDAwLCJkZWxldGUiOjU0MDAwMDAwMDAwMDAsInJlYWQiOjMwMDAwMDAwMDAwMCwidXBkYXRlIjo1NDAwMDAwMDAwMDAwfX0="
        }
      ]
    },
    {
      "mode": "managed",
      "type": "azurerm_virtual_network",
      "name": "main",
      "provider": "provider[\"registry.terraform.io/hashicorp/azurerm\"]",
      "instances": [
        {
          "schema_version": 0,
          "attributes": {
            "address_space": [
              "10.0.15.0/28"
            ],
            "bgp_community": "",
            "ddos_protection_plan": [],
            "dns_servers": [],
            "guid": "346f8caf-f0ad-4916-afd4-55aa2d54cacc",
            "id": "/subscriptions/8f25c6cb-7398-4054-8f25-3f950f7b0234/resourceGroups/565e6dab-0e8a-451e-a71c-c0a9747f468e/providers/Microsoft.Network/virtualNetworks/UP-565e6dab-0e8a-451e-a71c-c0a9747f468e",
            "location": "germanywestcentral",
            "name": "UP-565e6dab-0e8a-451e-a71c-c0a9747f468e",
            "resource_group_name": "565e6dab-0e8a-451e-a71c-c0a9747f468e",
            "subnet": [
              {
                "address_prefix": "10.0.15.0/29",
                "id": "/subscriptions/8f25c6cb-7398-4054-8f25-3f950f7b0234/resourceGroups/565e6dab-0e8a-451e-a71c-c0a9747f468e/providers/Microsoft.Network/virtualNetworks/UP-565e6dab-0e8a-451e-a71c-c0a9747f468e/subnets/public",
                "name": "public",
                "security_group": "/subscriptions/8f25c6cb-7398-4054-8f25-3f950f7b0234/resourceGroups/565e6dab-0e8a-451e-a71c-c0a9747f468e/providers/Microsoft.Network/networkSecurityGroups/SG-565e6dab-0e8a-451e-a71c-c0a9747f468e"
              },
              {
                "address_prefix": "10.0.15.8/29",
                "id": "/subscriptions/8f25c6cb-7398-4054-8f25-3f950f7b0234/resourceGroups/565e6dab-0e8a-451e-a71c-c0a9747f468e/providers/Microsoft.Network/virtualNetworks/UP-565e6dab-0e8a-451e-a71c-c0a9747f468e/subnets/private",
                "name": "private",
                "security_group": "/subscriptions/8f25c6cb-7398-4054-8f25-3f950f7b0234/resourceGroups/565e6dab-0e8a-451e-a71c-c0a9747f468e/providers/Microsoft.Network/networkSecurityGroups/SG-565e6dab-0e8a-451e-a71c-c0a9747f468e"
              }
            ],
            "tags": null,
            "timeouts": null,
            "vm_protection_enabled": false
          },
          "sensitive_attributes": [],
          "private": "eyJlMmJmYjczMC1lY2FhLTExZTYtOGY4OC0zNDM2M2JjN2M0YzAiOnsiY3JlYXRlIjoxODAwMDAwMDAwMDAwLCJkZWxldGUiOjE4MDAwMDAwMDAwMDAsInJlYWQiOjMwMDAwMDAwMDAwMCwidXBkYXRlIjoxODAwMDAwMDAwMDAwfX0=",
          "dependencies": [
            "azurerm_network_security_group.main",
            "azurerm_resource_group.main"
          ]
        }
      ]
    }
  ]
}
