{
  "version": 4,
  "terraform_version": "1.1.7",
  "serial": 1,
  "lineage": "de7b5583-78cf-f855-783b-1eabdccbe7ac",
  "outputs": {},
  "resources": [
    {
      "mode": "managed",
      "type": "github_repository",
      "name": "example",
      "provider": "provider[\"registry.terraform.io/integrations/github\"]",
      "instances": [
        {
          "schema_version": 0,
          "attributes": {
            "allow_auto_merge": false,
            "allow_merge_commit": true,
            "allow_rebase_merge": true,
            "allow_squash_merge": true,
            "archive_on_destroy": null,
            "archived": false,
            "auto_init": null,
            "branches": [
              {
                "name": "main",
                "protected": false
              }
            ],
            "default_branch": "main",
            "delete_branch_on_merge": false,
            "description": "Infrastructure repository for project platform-operations of customer likvid-operations.",
            "etag": "W/\"b279401aa74ce173d4ca92c611faa018b2c41e9d8e9df96500751e0097312027\"",
            "full_name": "meshcloud/my-first-repo",
            "git_clone_url": "git://github.com/meshcloud/my-first-repo.git",
            "gitignore_template": null,
            "has_downloads": false,
            "has_issues": false,
            "has_projects": false,
            "has_wiki": false,
            "homepage_url": "",
            "html_url": "https://github.com/meshcloud/my-first-repo",
            "http_clone_url": "https://github.com/meshcloud/my-first-repo.git",
            "id": "my-first-repo",
            "is_template": false,
            "license_template": null,
            "name": "my-first-repo",
            "node_id": "R_kgDOHDVQyg",
            "pages": [],
            "private": true,
            "repo_id": 473256138,
            "ssh_clone_url": "git@github.com:meshcloud/my-first-repo.git",
            "svn_url": "https://github.com/meshcloud/my-first-repo",
            "template": [
              {
                "owner": "meshcloud",
                "repository": "unipipe-demo-infrastructure-template"
              }
            ],
            "topics": null,
            "visibility": "private",
            "vulnerability_alerts": false
          },
          "sensitive_attributes": [],
          "private": "bnVsbA=="
        }
      ]
    }
  ]
}
