{
  "version": 4,
  "terraform_version": "1.0.10",
  "serial": 6,
  "lineage": "7782dbcb-f103-b8dc-9519-36af8abf2503",
  "outputs": {},
  "resources": [
    {
      "mode": "managed",
      "type": "azurerm_network_security_group",
      "name": "main",
      "provider": "provider[\"registry.terraform.io/hashicorp/azurerm\"]",
      "instances": [
        {
          "schema_version": 0,
          "attributes": {
            "id": "/subscriptions/8f25c6cb-7398-4054-8f25-3f950f7b0234/resourceGroups/8beae56e-d9ed-4883-b38e-99a49d7099bc/providers/Microsoft.Network/networkSecurityGroups/SG-8beae56e-d9ed-4883-b38e-99a49d7099bc",
            "location": "germanywestcentral",
            "name": "SG-8beae56e-d9ed-4883-b38e-99a49d7099bc",
            "resource_group_name": "8beae56e-d9ed-4883-b38e-99a49d7099bc",
            "security_rule": [],
            "tags": {},
            "timeouts": null
          },
          "sensitive_attributes": [],
          "private": "eyJlMmJmYjczMC1lY2FhLTExZTYtOGY4OC0zNDM2M2JjN2M0YzAiOnsiY3JlYXRlIjoxODAwMDAwMDAwMDAwLCJkZWxldGUiOjE4MDAwMDAwMDAwMDAsInJlYWQiOjMwMDAwMDAwMDAwMCwidXBkYXRlIjoxODAwMDAwMDAwMDAwfX0=",
          "dependencies": [
            "azurerm_resource_group.main"
          ]
        }
      ]
    },
    {
      "mode": "managed",
      "type": "azurerm_resource_group",
      "name": "main",
      "provider": "provider[\"registry.terraform.io/hashicorp/azurerm\"]",
      "instances": [
        {
          "schema_version": 0,
          "attributes": {
            "id": "/subscriptions/8f25c6cb-7398-4054-8f25-3f950f7b0234/resourceGroups/8beae56e-d9ed-4883-b38e-99a49d7099bc",
            "location": "germanywestcentral",
            "name": "8beae56e-d9ed-4883-b38e-99a49d7099bc",
            "tags": {},
            "timeouts": null
          },
          "sensitive_attributes": [],
          "private": "eyJlMmJmYjczMC1lY2FhLTExZTYtOGY4OC0zNDM2M2JjN2M0YzAiOnsiY3JlYXRlIjo1NDAwMDAwMDAwMDAwLCJkZWxldGUiOjU0MDAwMDAwMDAwMDAsInJlYWQiOjMwMDAwMDAwMDAwMCwidXBkYXRlIjo1NDAwMDAwMDAwMDAwfX0="
        }
      ]
    },
    {
      "mode": "managed",
      "type": "azurerm_virtual_network",
      "name": "main",
      "provider": "provider[\"registry.terraform.io/hashicorp/azurerm\"]",
      "instances": [
        {
          "schema_version": 0,
          "attributes": {
            "address_space": [
              "10.0.0.0/27"
            ],
            "bgp_community": "",
            "ddos_protection_plan": [],
            "dns_servers": [],
            "guid": "da0b5a0d-1ccb-442e-b151-6ce180aa2b11",
            "id": "/subscriptions/8f25c6cb-7398-4054-8f25-3f950f7b0234/resourceGroups/8beae56e-d9ed-4883-b38e-99a49d7099bc/providers/Microsoft.Network/virtualNetworks/UP-8beae56e-d9ed-4883-b38e-99a49d7099bc",
            "location": "germanywestcentral",
            "name": "UP-8beae56e-d9ed-4883-b38e-99a49d7099bc",
            "resource_group_name": "8beae56e-d9ed-4883-b38e-99a49d7099bc",
            "subnet": [
              {
                "address_prefix": "10.0.0.0/28",
                "id": "/subscriptions/8f25c6cb-7398-4054-8f25-3f950f7b0234/resourceGroups/8beae56e-d9ed-4883-b38e-99a49d7099bc/providers/Microsoft.Network/virtualNetworks/UP-8beae56e-d9ed-4883-b38e-99a49d7099bc/subnets/public",
                "name": "public",
                "security_group": "/subscriptions/8f25c6cb-7398-4054-8f25-3f950f7b0234/resourceGroups/8beae56e-d9ed-4883-b38e-99a49d7099bc/providers/Microsoft.Network/networkSecurityGroups/SG-8beae56e-d9ed-4883-b38e-99a49d7099bc"
              },
              {
                "address_prefix": "10.0.0.16/28",
                "id": "/subscriptions/8f25c6cb-7398-4054-8f25-3f950f7b0234/resourceGroups/8beae56e-d9ed-4883-b38e-99a49d7099bc/providers/Microsoft.Network/virtualNetworks/UP-8beae56e-d9ed-4883-b38e-99a49d7099bc/subnets/private",
                "name": "private",
                "security_group": "/subscriptions/8f25c6cb-7398-4054-8f25-3f950f7b0234/resourceGroups/8beae56e-d9ed-4883-b38e-99a49d7099bc/providers/Microsoft.Network/networkSecurityGroups/SG-8beae56e-d9ed-4883-b38e-99a49d7099bc"
              }
            ],
            "tags": {},
            "timeouts": null,
            "vm_protection_enabled": false
          },
          "sensitive_attributes": [],
          "private": "eyJlMmJmYjczMC1lY2FhLTExZTYtOGY4OC0zNDM2M2JjN2M0YzAiOnsiY3JlYXRlIjoxODAwMDAwMDAwMDAwLCJkZWxldGUiOjE4MDAwMDAwMDAwMDAsInJlYWQiOjMwMDAwMDAwMDAwMCwidXBkYXRlIjoxODAwMDAwMDAwMDAwfX0=",
          "dependencies": [
            "azurerm_resource_group.main",
            "azurerm_network_security_group.main"
          ]
        }
      ]
    }
  ]
}
