{
  "version": 4,
  "terraform_version": "1.0.7",
  "serial": 4,
  "lineage": "da254ead-3533-067e-4f38-7a5bd50ad64c",
  "outputs": {},
  "resources": [
    {
      "mode": "managed",
      "type": "azurerm_network_security_group",
      "name": "main",
      "provider": "provider[\"registry.terraform.io/hashicorp/azurerm\"]",
      "instances": [
        {
          "schema_version": 0,
          "attributes": {
            "id": "/subscriptions/8f25c6cb-7398-4054-8f25-3f950f7b0234/resourceGroups/f0e4f613-876e-4ceb-82ac-4cf54baedf88/providers/Microsoft.Network/networkSecurityGroups/SG-f0e4f613-876e-4ceb-82ac-4cf54baedf88",
            "location": "germanywestcentral",
            "name": "SG-f0e4f613-876e-4ceb-82ac-4cf54baedf88",
            "resource_group_name": "f0e4f613-876e-4ceb-82ac-4cf54baedf88",
            "security_rule": [],
            "tags": null,
            "timeouts": null
          },
          "sensitive_attributes": [],
          "private": "eyJlMmJmYjczMC1lY2FhLTExZTYtOGY4OC0zNDM2M2JjN2M0YzAiOnsiY3JlYXRlIjoxODAwMDAwMDAwMDAwLCJkZWxldGUiOjE4MDAwMDAwMDAwMDAsInJlYWQiOjMwMDAwMDAwMDAwMCwidXBkYXRlIjoxODAwMDAwMDAwMDAwfX0=",
          "dependencies": [
            "azurerm_resource_group.main"
          ]
        }
      ]
    },
    {
      "mode": "managed",
      "type": "azurerm_resource_group",
      "name": "main",
      "provider": "provider[\"registry.terraform.io/hashicorp/azurerm\"]",
      "instances": [
        {
          "schema_version": 0,
          "attributes": {
            "id": "/subscriptions/8f25c6cb-7398-4054-8f25-3f950f7b0234/resourceGroups/f0e4f613-876e-4ceb-82ac-4cf54baedf88",
            "location": "germanywestcentral",
            "name": "f0e4f613-876e-4ceb-82ac-4cf54baedf88",
            "tags": null,
            "timeouts": null
          },
          "sensitive_attributes": [],
          "private": "eyJlMmJmYjczMC1lY2FhLTExZTYtOGY4OC0zNDM2M2JjN2M0YzAiOnsiY3JlYXRlIjo1NDAwMDAwMDAwMDAwLCJkZWxldGUiOjU0MDAwMDAwMDAwMDAsInJlYWQiOjMwMDAwMDAwMDAwMCwidXBkYXRlIjo1NDAwMDAwMDAwMDAwfX0="
        }
      ]
    },
    {
      "mode": "managed",
      "type": "azurerm_virtual_network",
      "name": "main",
      "provider": "provider[\"registry.terraform.io/hashicorp/azurerm\"]",
      "instances": [
        {
          "schema_version": 0,
          "attributes": {
            "address_space": [
              "10.0.4.0/28"
            ],
            "bgp_community": "",
            "ddos_protection_plan": [],
            "dns_servers": [],
            "guid": "3959cba2-d9d0-407a-854c-f216ebba8d91",
            "id": "/subscriptions/8f25c6cb-7398-4054-8f25-3f950f7b0234/resourceGroups/f0e4f613-876e-4ceb-82ac-4cf54baedf88/providers/Microsoft.Network/virtualNetworks/UP-f0e4f613-876e-4ceb-82ac-4cf54baedf88",
            "location": "germanywestcentral",
            "name": "UP-f0e4f613-876e-4ceb-82ac-4cf54baedf88",
            "resource_group_name": "f0e4f613-876e-4ceb-82ac-4cf54baedf88",
            "subnet": [
              {
                "address_prefix": "10.0.4.0/29",
                "id": "/subscriptions/8f25c6cb-7398-4054-8f25-3f950f7b0234/resourceGroups/f0e4f613-876e-4ceb-82ac-4cf54baedf88/providers/Microsoft.Network/virtualNetworks/UP-f0e4f613-876e-4ceb-82ac-4cf54baedf88/subnets/public",
                "name": "public",
                "security_group": "/subscriptions/8f25c6cb-7398-4054-8f25-3f950f7b0234/resourceGroups/f0e4f613-876e-4ceb-82ac-4cf54baedf88/providers/Microsoft.Network/networkSecurityGroups/SG-f0e4f613-876e-4ceb-82ac-4cf54baedf88"
              },
              {
                "address_prefix": "10.0.4.8/29",
                "id": "/subscriptions/8f25c6cb-7398-4054-8f25-3f950f7b0234/resourceGroups/f0e4f613-876e-4ceb-82ac-4cf54baedf88/providers/Microsoft.Network/virtualNetworks/UP-f0e4f613-876e-4ceb-82ac-4cf54baedf88/subnets/private",
                "name": "private",
                "security_group": "/subscriptions/8f25c6cb-7398-4054-8f25-3f950f7b0234/resourceGroups/f0e4f613-876e-4ceb-82ac-4cf54baedf88/providers/Microsoft.Network/networkSecurityGroups/SG-f0e4f613-876e-4ceb-82ac-4cf54baedf88"
              }
            ],
            "tags": null,
            "timeouts": null,
            "vm_protection_enabled": false
          },
          "sensitive_attributes": [],
          "private": "eyJlMmJmYjczMC1lY2FhLTExZTYtOGY4OC0zNDM2M2JjN2M0YzAiOnsiY3JlYXRlIjoxODAwMDAwMDAwMDAwLCJkZWxldGUiOjE4MDAwMDAwMDAwMDAsInJlYWQiOjMwMDAwMDAwMDAwMCwidXBkYXRlIjoxODAwMDAwMDAwMDAwfX0=",
          "dependencies": [
            "azurerm_network_security_group.main",
            "azurerm_resource_group.main"
          ]
        }
      ]
    }
  ]
}
