{
  "version": 4,
  "terraform_version": "1.0.11",
  "serial": 5,
  "lineage": "54d0976a-43da-bf1e-1d21-10f17793733e",
  "outputs": {},
  "resources": [
    {
      "mode": "managed",
      "type": "azurerm_network_security_group",
      "name": "main",
      "provider": "provider[\"registry.terraform.io/hashicorp/azurerm\"]",
      "instances": [
        {
          "schema_version": 0,
          "attributes": {
            "id": "/subscriptions/8f25c6cb-7398-4054-8f25-3f950f7b0234/resourceGroups/c998adff-d089-461b-b558-e70b3c4c73e7/providers/Microsoft.Network/networkSecurityGroups/SG-c998adff-d089-461b-b558-e70b3c4c73e7",
            "location": "germanywestcentral",
            "name": "SG-c998adff-d089-461b-b558-e70b3c4c73e7",
            "resource_group_name": "c998adff-d089-461b-b558-e70b3c4c73e7",
            "security_rule": [],
            "tags": {},
            "timeouts": null
          },
          "sensitive_attributes": [],
          "private": "eyJlMmJmYjczMC1lY2FhLTExZTYtOGY4OC0zNDM2M2JjN2M0YzAiOnsiY3JlYXRlIjoxODAwMDAwMDAwMDAwLCJkZWxldGUiOjE4MDAwMDAwMDAwMDAsInJlYWQiOjMwMDAwMDAwMDAwMCwidXBkYXRlIjoxODAwMDAwMDAwMDAwfX0=",
          "dependencies": [
            "azurerm_resource_group.main"
          ]
        }
      ]
    },
    {
      "mode": "managed",
      "type": "azurerm_resource_group",
      "name": "main",
      "provider": "provider[\"registry.terraform.io/hashicorp/azurerm\"]",
      "instances": [
        {
          "schema_version": 0,
          "attributes": {
            "id": "/subscriptions/8f25c6cb-7398-4054-8f25-3f950f7b0234/resourceGroups/c998adff-d089-461b-b558-e70b3c4c73e7",
            "location": "germanywestcentral",
            "name": "c998adff-d089-461b-b558-e70b3c4c73e7",
            "tags": {},
            "timeouts": null
          },
          "sensitive_attributes": [],
          "private": "eyJlMmJmYjczMC1lY2FhLTExZTYtOGY4OC0zNDM2M2JjN2M0YzAiOnsiY3JlYXRlIjo1NDAwMDAwMDAwMDAwLCJkZWxldGUiOjU0MDAwMDAwMDAwMDAsInJlYWQiOjMwMDAwMDAwMDAwMCwidXBkYXRlIjo1NDAwMDAwMDAwMDAwfX0="
        }
      ]
    },
    {
      "mode": "managed",
      "type": "azurerm_virtual_network",
      "name": "main",
      "provider": "provider[\"registry.terraform.io/hashicorp/azurerm\"]",
      "instances": [
        {
          "schema_version": 0,
          "attributes": {
            "address_space": [
              "10.0.0.0/28"
            ],
            "bgp_community": "",
            "ddos_protection_plan": [],
            "dns_servers": [],
            "guid": "77b76acf-cdcc-498a-a9fc-7f1599e46a03",
            "id": "/subscriptions/8f25c6cb-7398-4054-8f25-3f950f7b0234/resourceGroups/c998adff-d089-461b-b558-e70b3c4c73e7/providers/Microsoft.Network/virtualNetworks/UP-c998adff-d089-461b-b558-e70b3c4c73e7",
            "location": "germanywestcentral",
            "name": "UP-c998adff-d089-461b-b558-e70b3c4c73e7",
            "resource_group_name": "c998adff-d089-461b-b558-e70b3c4c73e7",
            "subnet": [
              {
                "address_prefix": "10.0.0.0/29",
                "id": "/subscriptions/8f25c6cb-7398-4054-8f25-3f950f7b0234/resourceGroups/c998adff-d089-461b-b558-e70b3c4c73e7/providers/Microsoft.Network/virtualNetworks/UP-c998adff-d089-461b-b558-e70b3c4c73e7/subnets/public",
                "name": "public",
                "security_group": "/subscriptions/8f25c6cb-7398-4054-8f25-3f950f7b0234/resourceGroups/c998adff-d089-461b-b558-e70b3c4c73e7/providers/Microsoft.Network/networkSecurityGroups/SG-c998adff-d089-461b-b558-e70b3c4c73e7"
              },
              {
                "address_prefix": "10.0.0.8/29",
                "id": "/subscriptions/8f25c6cb-7398-4054-8f25-3f950f7b0234/resourceGroups/c998adff-d089-461b-b558-e70b3c4c73e7/providers/Microsoft.Network/virtualNetworks/UP-c998adff-d089-461b-b558-e70b3c4c73e7/subnets/private",
                "name": "private",
                "security_group": "/subscriptions/8f25c6cb-7398-4054-8f25-3f950f7b0234/resourceGroups/c998adff-d089-461b-b558-e70b3c4c73e7/providers/Microsoft.Network/networkSecurityGroups/SG-c998adff-d089-461b-b558-e70b3c4c73e7"
              }
            ],
            "tags": {},
            "timeouts": null,
            "vm_protection_enabled": false
          },
          "sensitive_attributes": [],
          "private": "eyJlMmJmYjczMC1lY2FhLTExZTYtOGY4OC0zNDM2M2JjN2M0YzAiOnsiY3JlYXRlIjoxODAwMDAwMDAwMDAwLCJkZWxldGUiOjE4MDAwMDAwMDAwMDAsInJlYWQiOjMwMDAwMDAwMDAwMCwidXBkYXRlIjoxODAwMDAwMDAwMDAwfX0=",
          "dependencies": [
            "azurerm_network_security_group.main",
            "azurerm_resource_group.main"
          ]
        }
      ]
    }
  ]
}
