{
  "version": 4,
  "terraform_version": "1.0.2",
  "serial": 4,
  "lineage": "7efdf23a-88b0-433a-23bb-d82ba1243aba",
  "outputs": {},
  "resources": [
    {
      "mode": "managed",
      "type": "azurerm_network_security_group",
      "name": "main",
      "provider": "provider[\"registry.terraform.io/hashicorp/azurerm\"]",
      "instances": [
        {
          "schema_version": 0,
          "attributes": {
            "id": "/subscriptions/8f25c6cb-7398-4054-8f25-3f950f7b0234/resourceGroups/e80e9c69-0112-4fe6-a996-3ec2c33473c7/providers/Microsoft.Network/networkSecurityGroups/SG-e80e9c69-0112-4fe6-a996-3ec2c33473c7",
            "location": "germanywestcentral",
            "name": "SG-e80e9c69-0112-4fe6-a996-3ec2c33473c7",
            "resource_group_name": "e80e9c69-0112-4fe6-a996-3ec2c33473c7",
            "security_rule": [],
            "tags": null,
            "timeouts": null
          },
          "sensitive_attributes": [],
          "private": "eyJlMmJmYjczMC1lY2FhLTExZTYtOGY4OC0zNDM2M2JjN2M0YzAiOnsiY3JlYXRlIjoxODAwMDAwMDAwMDAwLCJkZWxldGUiOjE4MDAwMDAwMDAwMDAsInJlYWQiOjMwMDAwMDAwMDAwMCwidXBkYXRlIjoxODAwMDAwMDAwMDAwfX0=",
          "dependencies": [
            "azurerm_resource_group.main"
          ]
        }
      ]
    },
    {
      "mode": "managed",
      "type": "azurerm_resource_group",
      "name": "main",
      "provider": "provider[\"registry.terraform.io/hashicorp/azurerm\"]",
      "instances": [
        {
          "schema_version": 0,
          "attributes": {
            "id": "/subscriptions/8f25c6cb-7398-4054-8f25-3f950f7b0234/resourceGroups/e80e9c69-0112-4fe6-a996-3ec2c33473c7",
            "location": "germanywestcentral",
            "name": "e80e9c69-0112-4fe6-a996-3ec2c33473c7",
            "tags": null,
            "timeouts": null
          },
          "sensitive_attributes": [],
          "private": "eyJlMmJmYjczMC1lY2FhLTExZTYtOGY4OC0zNDM2M2JjN2M0YzAiOnsiY3JlYXRlIjo1NDAwMDAwMDAwMDAwLCJkZWxldGUiOjU0MDAwMDAwMDAwMDAsInJlYWQiOjMwMDAwMDAwMDAwMCwidXBkYXRlIjo1NDAwMDAwMDAwMDAwfX0="
        }
      ]
    },
    {
      "mode": "managed",
      "type": "azurerm_virtual_network",
      "name": "main",
      "provider": "provider[\"registry.terraform.io/hashicorp/azurerm\"]",
      "instances": [
        {
          "schema_version": 0,
          "attributes": {
            "address_space": [
              "10.0.1.0/28"
            ],
            "bgp_community": "",
            "ddos_protection_plan": [],
            "dns_servers": null,
            "guid": "c304931f-3a7e-461d-8615-0dd24b45bf39",
            "id": "/subscriptions/8f25c6cb-7398-4054-8f25-3f950f7b0234/resourceGroups/e80e9c69-0112-4fe6-a996-3ec2c33473c7/providers/Microsoft.Network/virtualNetworks/UP-e80e9c69-0112-4fe6-a996-3ec2c33473c7",
            "location": "germanywestcentral",
            "name": "UP-e80e9c69-0112-4fe6-a996-3ec2c33473c7",
            "resource_group_name": "e80e9c69-0112-4fe6-a996-3ec2c33473c7",
            "subnet": [
              {
                "address_prefix": "10.0.1.0/29",
                "id": "/subscriptions/8f25c6cb-7398-4054-8f25-3f950f7b0234/resourceGroups/e80e9c69-0112-4fe6-a996-3ec2c33473c7/providers/Microsoft.Network/virtualNetworks/UP-e80e9c69-0112-4fe6-a996-3ec2c33473c7/subnets/public",
                "name": "public",
                "security_group": "/subscriptions/8f25c6cb-7398-4054-8f25-3f950f7b0234/resourceGroups/e80e9c69-0112-4fe6-a996-3ec2c33473c7/providers/Microsoft.Network/networkSecurityGroups/SG-e80e9c69-0112-4fe6-a996-3ec2c33473c7"
              },
              {
                "address_prefix": "10.0.1.8/29",
                "id": "/subscriptions/8f25c6cb-7398-4054-8f25-3f950f7b0234/resourceGroups/e80e9c69-0112-4fe6-a996-3ec2c33473c7/providers/Microsoft.Network/virtualNetworks/UP-e80e9c69-0112-4fe6-a996-3ec2c33473c7/subnets/private",
                "name": "private",
                "security_group": "/subscriptions/8f25c6cb-7398-4054-8f25-3f950f7b0234/resourceGroups/e80e9c69-0112-4fe6-a996-3ec2c33473c7/providers/Microsoft.Network/networkSecurityGroups/SG-e80e9c69-0112-4fe6-a996-3ec2c33473c7"
              }
            ],
            "tags": null,
            "timeouts": null,
            "vm_protection_enabled": false
          },
          "sensitive_attributes": [],
          "private": "eyJlMmJmYjczMC1lY2FhLTExZTYtOGY4OC0zNDM2M2JjN2M0YzAiOnsiY3JlYXRlIjoxODAwMDAwMDAwMDAwLCJkZWxldGUiOjE4MDAwMDAwMDAwMDAsInJlYWQiOjMwMDAwMDAwMDAwMCwidXBkYXRlIjoxODAwMDAwMDAwMDAwfX0=",
          "dependencies": [
            "azurerm_network_security_group.main",
            "azurerm_resource_group.main"
          ]
        }
      ]
    }
  ]
}
