{
  "version": 4,
  "terraform_version": "1.0.11",
  "serial": 4,
  "lineage": "1f85cd0f-b825-f2b3-1ee4-a6d86a333c6f",
  "outputs": {},
  "resources": [
    {
      "mode": "managed",
      "type": "azurerm_network_security_group",
      "name": "main",
      "provider": "provider[\"registry.terraform.io/hashicorp/azurerm\"]",
      "instances": [
        {
          "schema_version": 0,
          "attributes": {
            "id": "/subscriptions/8f25c6cb-7398-4054-8f25-3f950f7b0234/resourceGroups/97e13822-db7c-461b-8aa8-d4072ce43347/providers/Microsoft.Network/networkSecurityGroups/SG-97e13822-db7c-461b-8aa8-d4072ce43347",
            "location": "germanywestcentral",
            "name": "SG-97e13822-db7c-461b-8aa8-d4072ce43347",
            "resource_group_name": "97e13822-db7c-461b-8aa8-d4072ce43347",
            "security_rule": [],
            "tags": null,
            "timeouts": null
          },
          "sensitive_attributes": [],
          "private": "eyJlMmJmYjczMC1lY2FhLTExZTYtOGY4OC0zNDM2M2JjN2M0YzAiOnsiY3JlYXRlIjoxODAwMDAwMDAwMDAwLCJkZWxldGUiOjE4MDAwMDAwMDAwMDAsInJlYWQiOjMwMDAwMDAwMDAwMCwidXBkYXRlIjoxODAwMDAwMDAwMDAwfX0=",
          "dependencies": [
            "azurerm_resource_group.main"
          ]
        }
      ]
    },
    {
      "mode": "managed",
      "type": "azurerm_resource_group",
      "name": "main",
      "provider": "provider[\"registry.terraform.io/hashicorp/azurerm\"]",
      "instances": [
        {
          "schema_version": 0,
          "attributes": {
            "id": "/subscriptions/8f25c6cb-7398-4054-8f25-3f950f7b0234/resourceGroups/97e13822-db7c-461b-8aa8-d4072ce43347",
            "location": "germanywestcentral",
            "name": "97e13822-db7c-461b-8aa8-d4072ce43347",
            "tags": null,
            "timeouts": null
          },
          "sensitive_attributes": [],
          "private": "eyJlMmJmYjczMC1lY2FhLTExZTYtOGY4OC0zNDM2M2JjN2M0YzAiOnsiY3JlYXRlIjo1NDAwMDAwMDAwMDAwLCJkZWxldGUiOjU0MDAwMDAwMDAwMDAsInJlYWQiOjMwMDAwMDAwMDAwMCwidXBkYXRlIjo1NDAwMDAwMDAwMDAwfX0="
        }
      ]
    },
    {
      "mode": "managed",
      "type": "azurerm_virtual_network",
      "name": "main",
      "provider": "provider[\"registry.terraform.io/hashicorp/azurerm\"]",
      "instances": [
        {
          "schema_version": 0,
          "attributes": {
            "address_space": [
              "10.0.0.0/28"
            ],
            "bgp_community": "",
            "ddos_protection_plan": [],
            "dns_servers": [],
            "flow_timeout_in_minutes": 0,
            "guid": "b52ae1a9-3ded-4f39-9972-fa56b4dd0853",
            "id": "/subscriptions/8f25c6cb-7398-4054-8f25-3f950f7b0234/resourceGroups/97e13822-db7c-461b-8aa8-d4072ce43347/providers/Microsoft.Network/virtualNetworks/UP-97e13822-db7c-461b-8aa8-d4072ce43347",
            "location": "germanywestcentral",
            "name": "UP-97e13822-db7c-461b-8aa8-d4072ce43347",
            "resource_group_name": "97e13822-db7c-461b-8aa8-d4072ce43347",
            "subnet": [
              {
                "address_prefix": "10.0.0.0/29",
                "id": "/subscriptions/8f25c6cb-7398-4054-8f25-3f950f7b0234/resourceGroups/97e13822-db7c-461b-8aa8-d4072ce43347/providers/Microsoft.Network/virtualNetworks/UP-97e13822-db7c-461b-8aa8-d4072ce43347/subnets/public",
                "name": "public",
                "security_group": "/subscriptions/8f25c6cb-7398-4054-8f25-3f950f7b0234/resourceGroups/97e13822-db7c-461b-8aa8-d4072ce43347/providers/Microsoft.Network/networkSecurityGroups/SG-97e13822-db7c-461b-8aa8-d4072ce43347"
              },
              {
                "address_prefix": "10.0.0.8/29",
                "id": "/subscriptions/8f25c6cb-7398-4054-8f25-3f950f7b0234/resourceGroups/97e13822-db7c-461b-8aa8-d4072ce43347/providers/Microsoft.Network/virtualNetworks/UP-97e13822-db7c-461b-8aa8-d4072ce43347/subnets/private",
                "name": "private",
                "security_group": "/subscriptions/8f25c6cb-7398-4054-8f25-3f950f7b0234/resourceGroups/97e13822-db7c-461b-8aa8-d4072ce43347/providers/Microsoft.Network/networkSecurityGroups/SG-97e13822-db7c-461b-8aa8-d4072ce43347"
              }
            ],
            "tags": null,
            "timeouts": null,
            "vm_protection_enabled": false
          },
          "sensitive_attributes": [],
          "private": "eyJlMmJmYjczMC1lY2FhLTExZTYtOGY4OC0zNDM2M2JjN2M0YzAiOnsiY3JlYXRlIjoxODAwMDAwMDAwMDAwLCJkZWxldGUiOjE4MDAwMDAwMDAwMDAsInJlYWQiOjMwMDAwMDAwMDAwMCwidXBkYXRlIjoxODAwMDAwMDAwMDAwfX0=",
          "dependencies": [
            "azurerm_network_security_group.main",
            "azurerm_resource_group.main"
          ]
        }
      ]
    }
  ]
}
