{
  "version": 4,
  "terraform_version": "1.0.2",
  "serial": 4,
  "lineage": "3a58b9ad-d1c1-b10d-f047-f54dc1c712d1",
  "outputs": {},
  "resources": [
    {
      "mode": "managed",
      "type": "azurerm_network_security_group",
      "name": "main",
      "provider": "provider[\"registry.terraform.io/hashicorp/azurerm\"]",
      "instances": [
        {
          "schema_version": 0,
          "attributes": {
            "id": "/subscriptions/8f25c6cb-7398-4054-8f25-3f950f7b0234/resourceGroups/5da02e3e-3888-4aff-8274-361991112a52/providers/Microsoft.Network/networkSecurityGroups/SG-5da02e3e-3888-4aff-8274-361991112a52",
            "location": "germanywestcentral",
            "name": "SG-5da02e3e-3888-4aff-8274-361991112a52",
            "resource_group_name": "5da02e3e-3888-4aff-8274-361991112a52",
            "security_rule": [],
            "tags": null,
            "timeouts": null
          },
          "sensitive_attributes": [],
          "private": "eyJlMmJmYjczMC1lY2FhLTExZTYtOGY4OC0zNDM2M2JjN2M0YzAiOnsiY3JlYXRlIjoxODAwMDAwMDAwMDAwLCJkZWxldGUiOjE4MDAwMDAwMDAwMDAsInJlYWQiOjMwMDAwMDAwMDAwMCwidXBkYXRlIjoxODAwMDAwMDAwMDAwfX0=",
          "dependencies": [
            "azurerm_resource_group.main"
          ]
        }
      ]
    },
    {
      "mode": "managed",
      "type": "azurerm_resource_group",
      "name": "main",
      "provider": "provider[\"registry.terraform.io/hashicorp/azurerm\"]",
      "instances": [
        {
          "schema_version": 0,
          "attributes": {
            "id": "/subscriptions/8f25c6cb-7398-4054-8f25-3f950f7b0234/resourceGroups/5da02e3e-3888-4aff-8274-361991112a52",
            "location": "germanywestcentral",
            "name": "5da02e3e-3888-4aff-8274-361991112a52",
            "tags": null,
            "timeouts": null
          },
          "sensitive_attributes": [],
          "private": "eyJlMmJmYjczMC1lY2FhLTExZTYtOGY4OC0zNDM2M2JjN2M0YzAiOnsiY3JlYXRlIjo1NDAwMDAwMDAwMDAwLCJkZWxldGUiOjU0MDAwMDAwMDAwMDAsInJlYWQiOjMwMDAwMDAwMDAwMCwidXBkYXRlIjo1NDAwMDAwMDAwMDAwfX0="
        }
      ]
    },
    {
      "mode": "managed",
      "type": "azurerm_virtual_network",
      "name": "main",
      "provider": "provider[\"registry.terraform.io/hashicorp/azurerm\"]",
      "instances": [
        {
          "schema_version": 0,
          "attributes": {
            "address_space": [
              "10.0.5.0/28"
            ],
            "bgp_community": "",
            "ddos_protection_plan": [],
            "dns_servers": null,
            "guid": "968123f8-e934-4660-8a50-09da91dbe877",
            "id": "/subscriptions/8f25c6cb-7398-4054-8f25-3f950f7b0234/resourceGroups/5da02e3e-3888-4aff-8274-361991112a52/providers/Microsoft.Network/virtualNetworks/UP-5da02e3e-3888-4aff-8274-361991112a52",
            "location": "germanywestcentral",
            "name": "UP-5da02e3e-3888-4aff-8274-361991112a52",
            "resource_group_name": "5da02e3e-3888-4aff-8274-361991112a52",
            "subnet": [
              {
                "address_prefix": "10.0.5.0/29",
                "id": "/subscriptions/8f25c6cb-7398-4054-8f25-3f950f7b0234/resourceGroups/5da02e3e-3888-4aff-8274-361991112a52/providers/Microsoft.Network/virtualNetworks/UP-5da02e3e-3888-4aff-8274-361991112a52/subnets/public",
                "name": "public",
                "security_group": "/subscriptions/8f25c6cb-7398-4054-8f25-3f950f7b0234/resourceGroups/5da02e3e-3888-4aff-8274-361991112a52/providers/Microsoft.Network/networkSecurityGroups/SG-5da02e3e-3888-4aff-8274-361991112a52"
              },
              {
                "address_prefix": "10.0.5.8/29",
                "id": "/subscriptions/8f25c6cb-7398-4054-8f25-3f950f7b0234/resourceGroups/5da02e3e-3888-4aff-8274-361991112a52/providers/Microsoft.Network/virtualNetworks/UP-5da02e3e-3888-4aff-8274-361991112a52/subnets/private",
                "name": "private",
                "security_group": "/subscriptions/8f25c6cb-7398-4054-8f25-3f950f7b0234/resourceGroups/5da02e3e-3888-4aff-8274-361991112a52/providers/Microsoft.Network/networkSecurityGroups/SG-5da02e3e-3888-4aff-8274-361991112a52"
              }
            ],
            "tags": null,
            "timeouts": null,
            "vm_protection_enabled": false
          },
          "sensitive_attributes": [],
          "private": "eyJlMmJmYjczMC1lY2FhLTExZTYtOGY4OC0zNDM2M2JjN2M0YzAiOnsiY3JlYXRlIjoxODAwMDAwMDAwMDAwLCJkZWxldGUiOjE4MDAwMDAwMDAwMDAsInJlYWQiOjMwMDAwMDAwMDAwMCwidXBkYXRlIjoxODAwMDAwMDAwMDAwfX0=",
          "dependencies": [
            "azurerm_network_security_group.main",
            "azurerm_resource_group.main"
          ]
        }
      ]
    }
  ]
}
