{
  "version": 4,
  "terraform_version": "1.0.5",
  "serial": 4,
  "lineage": "e9f9cf9c-9b57-f68a-3e97-fe26a8c95a55",
  "outputs": {},
  "resources": [
    {
      "mode": "managed",
      "type": "azurerm_network_security_group",
      "name": "main",
      "provider": "provider[\"registry.terraform.io/hashicorp/azurerm\"]",
      "instances": [
        {
          "schema_version": 0,
          "attributes": {
            "id": "/subscriptions/8f25c6cb-7398-4054-8f25-3f950f7b0234/resourceGroups/5002f10c-cfe6-4c1c-8b96-1dff8c6379e0/providers/Microsoft.Network/networkSecurityGroups/SG-5002f10c-cfe6-4c1c-8b96-1dff8c6379e0",
            "location": "germanywestcentral",
            "name": "SG-5002f10c-cfe6-4c1c-8b96-1dff8c6379e0",
            "resource_group_name": "5002f10c-cfe6-4c1c-8b96-1dff8c6379e0",
            "security_rule": [],
            "tags": null,
            "timeouts": null
          },
          "sensitive_attributes": [],
          "private": "eyJlMmJmYjczMC1lY2FhLTExZTYtOGY4OC0zNDM2M2JjN2M0YzAiOnsiY3JlYXRlIjoxODAwMDAwMDAwMDAwLCJkZWxldGUiOjE4MDAwMDAwMDAwMDAsInJlYWQiOjMwMDAwMDAwMDAwMCwidXBkYXRlIjoxODAwMDAwMDAwMDAwfX0=",
          "dependencies": [
            "azurerm_resource_group.main"
          ]
        }
      ]
    },
    {
      "mode": "managed",
      "type": "azurerm_resource_group",
      "name": "main",
      "provider": "provider[\"registry.terraform.io/hashicorp/azurerm\"]",
      "instances": [
        {
          "schema_version": 0,
          "attributes": {
            "id": "/subscriptions/8f25c6cb-7398-4054-8f25-3f950f7b0234/resourceGroups/5002f10c-cfe6-4c1c-8b96-1dff8c6379e0",
            "location": "germanywestcentral",
            "name": "5002f10c-cfe6-4c1c-8b96-1dff8c6379e0",
            "tags": null,
            "timeouts": null
          },
          "sensitive_attributes": [],
          "private": "eyJlMmJmYjczMC1lY2FhLTExZTYtOGY4OC0zNDM2M2JjN2M0YzAiOnsiY3JlYXRlIjo1NDAwMDAwMDAwMDAwLCJkZWxldGUiOjU0MDAwMDAwMDAwMDAsInJlYWQiOjMwMDAwMDAwMDAwMCwidXBkYXRlIjo1NDAwMDAwMDAwMDAwfX0="
        }
      ]
    },
    {
      "mode": "managed",
      "type": "azurerm_virtual_network",
      "name": "main",
      "provider": "provider[\"registry.terraform.io/hashicorp/azurerm\"]",
      "instances": [
        {
          "schema_version": 0,
          "attributes": {
            "address_space": [
              "10.0.15.0/28"
            ],
            "bgp_community": "",
            "ddos_protection_plan": [],
            "dns_servers": [],
            "guid": "184a2c2e-3015-498e-a9fe-2f7ddd5f5a07",
            "id": "/subscriptions/8f25c6cb-7398-4054-8f25-3f950f7b0234/resourceGroups/5002f10c-cfe6-4c1c-8b96-1dff8c6379e0/providers/Microsoft.Network/virtualNetworks/UP-5002f10c-cfe6-4c1c-8b96-1dff8c6379e0",
            "location": "germanywestcentral",
            "name": "UP-5002f10c-cfe6-4c1c-8b96-1dff8c6379e0",
            "resource_group_name": "5002f10c-cfe6-4c1c-8b96-1dff8c6379e0",
            "subnet": [
              {
                "address_prefix": "10.0.15.0/29",
                "id": "/subscriptions/8f25c6cb-7398-4054-8f25-3f950f7b0234/resourceGroups/5002f10c-cfe6-4c1c-8b96-1dff8c6379e0/providers/Microsoft.Network/virtualNetworks/UP-5002f10c-cfe6-4c1c-8b96-1dff8c6379e0/subnets/public",
                "name": "public",
                "security_group": "/subscriptions/8f25c6cb-7398-4054-8f25-3f950f7b0234/resourceGroups/5002f10c-cfe6-4c1c-8b96-1dff8c6379e0/providers/Microsoft.Network/networkSecurityGroups/SG-5002f10c-cfe6-4c1c-8b96-1dff8c6379e0"
              },
              {
                "address_prefix": "10.0.15.8/29",
                "id": "/subscriptions/8f25c6cb-7398-4054-8f25-3f950f7b0234/resourceGroups/5002f10c-cfe6-4c1c-8b96-1dff8c6379e0/providers/Microsoft.Network/virtualNetworks/UP-5002f10c-cfe6-4c1c-8b96-1dff8c6379e0/subnets/private",
                "name": "private",
                "security_group": "/subscriptions/8f25c6cb-7398-4054-8f25-3f950f7b0234/resourceGroups/5002f10c-cfe6-4c1c-8b96-1dff8c6379e0/providers/Microsoft.Network/networkSecurityGroups/SG-5002f10c-cfe6-4c1c-8b96-1dff8c6379e0"
              }
            ],
            "tags": null,
            "timeouts": null,
            "vm_protection_enabled": false
          },
          "sensitive_attributes": [],
          "private": "eyJlMmJmYjczMC1lY2FhLTExZTYtOGY4OC0zNDM2M2JjN2M0YzAiOnsiY3JlYXRlIjoxODAwMDAwMDAwMDAwLCJkZWxldGUiOjE4MDAwMDAwMDAwMDAsInJlYWQiOjMwMDAwMDAwMDAwMCwidXBkYXRlIjoxODAwMDAwMDAwMDAwfX0=",
          "dependencies": [
            "azurerm_network_security_group.main",
            "azurerm_resource_group.main"
          ]
        }
      ]
    }
  ]
}
