{
  "version": 4,
  "terraform_version": "1.0.9",
  "serial": 4,
  "lineage": "87e56597-69bd-d807-03bd-829f9147061e",
  "outputs": {},
  "resources": [
    {
      "mode": "managed",
      "type": "azurerm_network_security_group",
      "name": "main",
      "provider": "provider[\"registry.terraform.io/hashicorp/azurerm\"]",
      "instances": [
        {
          "schema_version": 0,
          "attributes": {
            "id": "/subscriptions/8f25c6cb-7398-4054-8f25-3f950f7b0234/resourceGroups/4074af2a-17e3-41e7-b012-25ba34411c27/providers/Microsoft.Network/networkSecurityGroups/SG-4074af2a-17e3-41e7-b012-25ba34411c27",
            "location": "germanywestcentral",
            "name": "SG-4074af2a-17e3-41e7-b012-25ba34411c27",
            "resource_group_name": "4074af2a-17e3-41e7-b012-25ba34411c27",
            "security_rule": [],
            "tags": null,
            "timeouts": null
          },
          "sensitive_attributes": [],
          "private": "eyJlMmJmYjczMC1lY2FhLTExZTYtOGY4OC0zNDM2M2JjN2M0YzAiOnsiY3JlYXRlIjoxODAwMDAwMDAwMDAwLCJkZWxldGUiOjE4MDAwMDAwMDAwMDAsInJlYWQiOjMwMDAwMDAwMDAwMCwidXBkYXRlIjoxODAwMDAwMDAwMDAwfX0=",
          "dependencies": [
            "azurerm_resource_group.main"
          ]
        }
      ]
    },
    {
      "mode": "managed",
      "type": "azurerm_resource_group",
      "name": "main",
      "provider": "provider[\"registry.terraform.io/hashicorp/azurerm\"]",
      "instances": [
        {
          "schema_version": 0,
          "attributes": {
            "id": "/subscriptions/8f25c6cb-7398-4054-8f25-3f950f7b0234/resourceGroups/4074af2a-17e3-41e7-b012-25ba34411c27",
            "location": "germanywestcentral",
            "name": "4074af2a-17e3-41e7-b012-25ba34411c27",
            "tags": null,
            "timeouts": null
          },
          "sensitive_attributes": [],
          "private": "eyJlMmJmYjczMC1lY2FhLTExZTYtOGY4OC0zNDM2M2JjN2M0YzAiOnsiY3JlYXRlIjo1NDAwMDAwMDAwMDAwLCJkZWxldGUiOjU0MDAwMDAwMDAwMDAsInJlYWQiOjMwMDAwMDAwMDAwMCwidXBkYXRlIjo1NDAwMDAwMDAwMDAwfX0="
        }
      ]
    },
    {
      "mode": "managed",
      "type": "azurerm_virtual_network",
      "name": "main",
      "provider": "provider[\"registry.terraform.io/hashicorp/azurerm\"]",
      "instances": [
        {
          "schema_version": 0,
          "attributes": {
            "address_space": [
              "10.0.0.0/27"
            ],
            "bgp_community": "",
            "ddos_protection_plan": [],
            "dns_servers": [],
            "guid": "72f35923-d3c5-4037-b099-10f99d28b480",
            "id": "/subscriptions/8f25c6cb-7398-4054-8f25-3f950f7b0234/resourceGroups/4074af2a-17e3-41e7-b012-25ba34411c27/providers/Microsoft.Network/virtualNetworks/UP-4074af2a-17e3-41e7-b012-25ba34411c27",
            "location": "germanywestcentral",
            "name": "UP-4074af2a-17e3-41e7-b012-25ba34411c27",
            "resource_group_name": "4074af2a-17e3-41e7-b012-25ba34411c27",
            "subnet": [
              {
                "address_prefix": "10.0.0.0/28",
                "id": "/subscriptions/8f25c6cb-7398-4054-8f25-3f950f7b0234/resourceGroups/4074af2a-17e3-41e7-b012-25ba34411c27/providers/Microsoft.Network/virtualNetworks/UP-4074af2a-17e3-41e7-b012-25ba34411c27/subnets/public",
                "name": "public",
                "security_group": "/subscriptions/8f25c6cb-7398-4054-8f25-3f950f7b0234/resourceGroups/4074af2a-17e3-41e7-b012-25ba34411c27/providers/Microsoft.Network/networkSecurityGroups/SG-4074af2a-17e3-41e7-b012-25ba34411c27"
              },
              {
                "address_prefix": "10.0.0.16/28",
                "id": "/subscriptions/8f25c6cb-7398-4054-8f25-3f950f7b0234/resourceGroups/4074af2a-17e3-41e7-b012-25ba34411c27/providers/Microsoft.Network/virtualNetworks/UP-4074af2a-17e3-41e7-b012-25ba34411c27/subnets/private",
                "name": "private",
                "security_group": "/subscriptions/8f25c6cb-7398-4054-8f25-3f950f7b0234/resourceGroups/4074af2a-17e3-41e7-b012-25ba34411c27/providers/Microsoft.Network/networkSecurityGroups/SG-4074af2a-17e3-41e7-b012-25ba34411c27"
              }
            ],
            "tags": null,
            "timeouts": null,
            "vm_protection_enabled": false
          },
          "sensitive_attributes": [],
          "private": "eyJlMmJmYjczMC1lY2FhLTExZTYtOGY4OC0zNDM2M2JjN2M0YzAiOnsiY3JlYXRlIjoxODAwMDAwMDAwMDAwLCJkZWxldGUiOjE4MDAwMDAwMDAwMDAsInJlYWQiOjMwMDAwMDAwMDAwMCwidXBkYXRlIjoxODAwMDAwMDAwMDAwfX0=",
          "dependencies": [
            "azurerm_network_security_group.main",
            "azurerm_resource_group.main"
          ]
        }
      ]
    }
  ]
}
