{
  "version": 4,
  "terraform_version": "1.0.11",
  "serial": 8,
  "lineage": "eef3be94-5e84-faf4-0c66-add68707953f",
  "outputs": {},
  "resources": [
    {
      "mode": "managed",
      "type": "azurerm_network_security_group",
      "name": "main",
      "provider": "provider[\"registry.terraform.io/hashicorp/azurerm\"]",
      "instances": [
        {
          "schema_version": 0,
          "attributes": {
            "id": "/subscriptions/8f25c6cb-7398-4054-8f25-3f950f7b0234/resourceGroups/7c3ed476-65c7-4aab-b060-66d59c51ea63/providers/Microsoft.Network/networkSecurityGroups/SG-7c3ed476-65c7-4aab-b060-66d59c51ea63",
            "location": "germanywestcentral",
            "name": "SG-7c3ed476-65c7-4aab-b060-66d59c51ea63",
            "resource_group_name": "7c3ed476-65c7-4aab-b060-66d59c51ea63",
            "security_rule": [],
            "tags": {},
            "timeouts": null
          },
          "sensitive_attributes": [],
          "private": "eyJlMmJmYjczMC1lY2FhLTExZTYtOGY4OC0zNDM2M2JjN2M0YzAiOnsiY3JlYXRlIjoxODAwMDAwMDAwMDAwLCJkZWxldGUiOjE4MDAwMDAwMDAwMDAsInJlYWQiOjMwMDAwMDAwMDAwMCwidXBkYXRlIjoxODAwMDAwMDAwMDAwfX0=",
          "dependencies": [
            "azurerm_resource_group.main"
          ]
        }
      ]
    },
    {
      "mode": "managed",
      "type": "azurerm_resource_group",
      "name": "main",
      "provider": "provider[\"registry.terraform.io/hashicorp/azurerm\"]",
      "instances": [
        {
          "schema_version": 0,
          "attributes": {
            "id": "/subscriptions/8f25c6cb-7398-4054-8f25-3f950f7b0234/resourceGroups/7c3ed476-65c7-4aab-b060-66d59c51ea63",
            "location": "germanywestcentral",
            "name": "7c3ed476-65c7-4aab-b060-66d59c51ea63",
            "tags": {},
            "timeouts": null
          },
          "sensitive_attributes": [],
          "private": "eyJlMmJmYjczMC1lY2FhLTExZTYtOGY4OC0zNDM2M2JjN2M0YzAiOnsiY3JlYXRlIjo1NDAwMDAwMDAwMDAwLCJkZWxldGUiOjU0MDAwMDAwMDAwMDAsInJlYWQiOjMwMDAwMDAwMDAwMCwidXBkYXRlIjo1NDAwMDAwMDAwMDAwfX0="
        }
      ]
    },
    {
      "mode": "managed",
      "type": "azurerm_virtual_network",
      "name": "main",
      "provider": "provider[\"registry.terraform.io/hashicorp/azurerm\"]",
      "instances": [
        {
          "schema_version": 0,
          "attributes": {
            "address_space": [
              "10.1.2.0/28"
            ],
            "bgp_community": "",
            "ddos_protection_plan": [],
            "dns_servers": [],
            "flow_timeout_in_minutes": 0,
            "guid": "5dcf4155-f42c-47d2-836f-67144e59243e",
            "id": "/subscriptions/8f25c6cb-7398-4054-8f25-3f950f7b0234/resourceGroups/7c3ed476-65c7-4aab-b060-66d59c51ea63/providers/Microsoft.Network/virtualNetworks/UP-7c3ed476-65c7-4aab-b060-66d59c51ea63",
            "location": "germanywestcentral",
            "name": "UP-7c3ed476-65c7-4aab-b060-66d59c51ea63",
            "resource_group_name": "7c3ed476-65c7-4aab-b060-66d59c51ea63",
            "subnet": [
              {
                "address_prefix": "10.1.2.0/29",
                "id": "/subscriptions/8f25c6cb-7398-4054-8f25-3f950f7b0234/resourceGroups/7c3ed476-65c7-4aab-b060-66d59c51ea63/providers/Microsoft.Network/virtualNetworks/UP-7c3ed476-65c7-4aab-b060-66d59c51ea63/subnets/public",
                "name": "public",
                "security_group": "/subscriptions/8f25c6cb-7398-4054-8f25-3f950f7b0234/resourceGroups/7c3ed476-65c7-4aab-b060-66d59c51ea63/providers/Microsoft.Network/networkSecurityGroups/SG-7c3ed476-65c7-4aab-b060-66d59c51ea63"
              },
              {
                "address_prefix": "10.1.2.8/29",
                "id": "/subscriptions/8f25c6cb-7398-4054-8f25-3f950f7b0234/resourceGroups/7c3ed476-65c7-4aab-b060-66d59c51ea63/providers/Microsoft.Network/virtualNetworks/UP-7c3ed476-65c7-4aab-b060-66d59c51ea63/subnets/private",
                "name": "private",
                "security_group": "/subscriptions/8f25c6cb-7398-4054-8f25-3f950f7b0234/resourceGroups/7c3ed476-65c7-4aab-b060-66d59c51ea63/providers/Microsoft.Network/networkSecurityGroups/SG-7c3ed476-65c7-4aab-b060-66d59c51ea63"
              }
            ],
            "tags": {},
            "timeouts": null,
            "vm_protection_enabled": false
          },
          "sensitive_attributes": [],
          "private": "eyJlMmJmYjczMC1lY2FhLTExZTYtOGY4OC0zNDM2M2JjN2M0YzAiOnsiY3JlYXRlIjoxODAwMDAwMDAwMDAwLCJkZWxldGUiOjE4MDAwMDAwMDAwMDAsInJlYWQiOjMwMDAwMDAwMDAwMCwidXBkYXRlIjoxODAwMDAwMDAwMDAwfX0=",
          "dependencies": [
            "azurerm_network_security_group.main",
            "azurerm_resource_group.main"
          ]
        }
      ]
    }
  ]
}
