{
  "version": 4,
  "terraform_version": "1.1.7",
  "serial": 1,
  "lineage": "24a43065-dbb7-a0b7-8571-b76e010892b3",
  "outputs": {},
  "resources": [
    {
      "mode": "managed",
      "type": "github_repository",
      "name": "example",
      "provider": "provider[\"registry.terraform.io/integrations/github\"]",
      "instances": [
        {
          "schema_version": 0,
          "attributes": {
            "allow_auto_merge": false,
            "allow_merge_commit": true,
            "allow_rebase_merge": true,
            "allow_squash_merge": true,
            "archive_on_destroy": null,
            "archived": false,
            "auto_init": null,
            "branches": [
              {
                "name": "main",
                "protected": false
              }
            ],
            "default_branch": "main",
            "delete_branch_on_merge": false,
            "description": "Infrastructure repository for project platform-operations of customer likvid-operations.",
            "etag": "W/\"35b7735e8d90b80d4197f6ab7ec684c6b226055f094984e1eb070ff3625efeff\"",
            "full_name": "meshcloud/number-four",
            "git_clone_url": "git://github.com/meshcloud/number-four.git",
            "gitignore_template": null,
            "has_downloads": false,
            "has_issues": false,
            "has_projects": false,
            "has_wiki": false,
            "homepage_url": "",
            "html_url": "https://github.com/meshcloud/number-four",
            "http_clone_url": "https://github.com/meshcloud/number-four.git",
            "id": "number-four",
            "is_template": false,
            "license_template": null,
            "name": "number-four",
            "node_id": "R_kgDOHDaB4g",
            "pages": [],
            "private": true,
            "repo_id": 473334242,
            "ssh_clone_url": "git@github.com:meshcloud/number-four.git",
            "svn_url": "https://github.com/meshcloud/number-four",
            "template": [
              {
                "owner": "meshcloud",
                "repository": "unipipe-demo-infrastructure-template"
              }
            ],
            "topics": null,
            "visibility": "private",
            "vulnerability_alerts": false
          },
          "sensitive_attributes": [],
          "private": "bnVsbA=="
        }
      ]
    }
  ]
}
