{
  "version": 4,
  "terraform_version": "1.1.7",
  "serial": 33,
  "lineage": "24a43065-dbb7-a0b7-8571-b76e010892b3",
  "outputs": {},
  "resources": [
    {
      "mode": "managed",
      "type": "github_actions_secret",
      "name": "gcp_service_account",
      "provider": "provider[\"registry.terraform.io/integrations/github\"]",
      "instances": [
        {
          "schema_version": 0,
          "attributes": {
            "created_at": "2022-03-23 23:59:54 +0000 UTC",
            "encrypted_value": "",
            "id": "number-four:GCP_SERVICE_ACCOUNT",
            "plaintext_value": "githubactionssa@likvid-operatio-platform-o-t6p.iam.gserviceaccount.com",
            "repository": "number-four",
            "secret_name": "GCP_SERVICE_ACCOUNT",
            "updated_at": "2022-03-23 23:59:54 +0000 UTC"
          },
          "sensitive_attributes": [],
          "private": "bnVsbA==",
          "dependencies": [
            "github_repository.example",
            "module.github_actions_sa.google_service_account.service_accounts"
          ]
        }
      ]
    },
    {
      "mode": "managed",
      "type": "github_actions_secret",
      "name": "gcp_workload_identity_provider",
      "provider": "provider[\"registry.terraform.io/integrations/github\"]",
      "instances": [
        {
          "schema_version": 0,
          "attributes": {
            "created_at": "2022-03-23 23:59:55 +0000 UTC",
            "encrypted_value": "",
            "id": "number-four:GCP_WORKLOAD_IDENTITY_PROVIDER",
            "plaintext_value": "projects/973042291167/locations/global/workloadIdentityPools/github-identity-pool/providers/github-identity-provider",
            "repository": "number-four",
            "secret_name": "GCP_WORKLOAD_IDENTITY_PROVIDER",
            "updated_at": "2022-03-23 23:59:55 +0000 UTC"
          },
          "sensitive_attributes": [],
          "private": "bnVsbA==",
          "dependencies": [
            "github_repository.example",
            "module.gh_oidc.google_iam_workload_identity_pool_provider.main"
          ]
        }
      ]
    },
    {
      "mode": "managed",
      "type": "github_repository",
      "name": "example",
      "provider": "provider[\"registry.terraform.io/integrations/github\"]",
      "instances": [
        {
          "schema_version": 0,
          "attributes": {
            "allow_auto_merge": false,
            "allow_merge_commit": true,
            "allow_rebase_merge": true,
            "allow_squash_merge": true,
            "archive_on_destroy": null,
            "archived": false,
            "auto_init": null,
            "branches": [
              {
                "name": "main",
                "protected": false
              }
            ],
            "default_branch": "main",
            "delete_branch_on_merge": false,
            "description": "Infrastructure repository for project platform-operations of customer likvid-operations.",
            "etag": "W/\"90822e32989cc82e8878d25dda12ccd8497dd667e5540411e3ccc7891b9e9967\"",
            "full_name": "meshcloud/number-four",
            "git_clone_url": "git://github.com/meshcloud/number-four.git",
            "gitignore_template": null,
            "has_downloads": false,
            "has_issues": false,
            "has_projects": false,
            "has_wiki": false,
            "homepage_url": "",
            "html_url": "https://github.com/meshcloud/number-four",
            "http_clone_url": "https://github.com/meshcloud/number-four.git",
            "id": "number-four",
            "is_template": false,
            "license_template": null,
            "name": "number-four",
            "node_id": "R_kgDOHDaB4g",
            "pages": [],
            "private": true,
            "repo_id": 473334242,
            "ssh_clone_url": "git@github.com:meshcloud/number-four.git",
            "svn_url": "https://github.com/meshcloud/number-four",
            "template": [
              {
                "owner": "meshcloud",
                "repository": "unipipe-demo-infrastructure-template"
              }
            ],
            "topics": [],
            "visibility": "private",
            "vulnerability_alerts": false
          },
          "sensitive_attributes": [],
          "private": "bnVsbA=="
        }
      ]
    },
    {
      "module": "module.gh_oidc",
      "mode": "managed",
      "type": "google_iam_workload_identity_pool",
      "name": "main",
      "provider": "provider[\"registry.terraform.io/hashicorp/google-beta\"]",
      "instances": [
        {
          "schema_version": 0,
          "attributes": {
            "description": "Workload Identity Pool managed by Terraform",
            "disabled": false,
            "display_name": "",
            "id": "projects/likvid-operatio-platform-o-t6p/locations/global/workloadIdentityPools/github-identity-pool",
            "name": "projects/973042291167/locations/global/workloadIdentityPools/github-identity-pool",
            "project": "likvid-operatio-platform-o-t6p",
            "state": "ACTIVE",
            "timeouts": null,
            "workload_identity_pool_id": "github-identity-pool"
          },
          "sensitive_attributes": [],
          "private": "eyJlMmJmYjczMC1lY2FhLTExZTYtOGY4OC0zNDM2M2JjN2M0YzAiOnsiY3JlYXRlIjoxMjAwMDAwMDAwMDAwLCJkZWxldGUiOjEyMDAwMDAwMDAwMDAsInVwZGF0ZSI6MTIwMDAwMDAwMDAwMH19"
        }
      ]
    },
    {
      "module": "module.gh_oidc",
      "mode": "managed",
      "type": "google_iam_workload_identity_pool_provider",
      "name": "main",
      "provider": "provider[\"registry.terraform.io/hashicorp/google-beta\"]",
      "instances": [
        {
          "schema_version": 0,
          "attributes": {
            "attribute_condition": "",
            "attribute_mapping": {
              "attribute.actor": "assertion.actor",
              "attribute.aud": "assertion.aud",
              "attribute.repository": "assertion.repository",
              "google.subject": "assertion.sub"
            },
            "aws": [],
            "description": "Workload Identity Pool Provider managed by Terraform",
            "disabled": false,
            "display_name": "",
            "id": "projects/likvid-operatio-platform-o-t6p/locations/global/workloadIdentityPools/github-identity-pool/providers/github-identity-provider",
            "name": "projects/973042291167/locations/global/workloadIdentityPools/github-identity-pool/providers/github-identity-provider",
            "oidc": [
              {
                "allowed_audiences": [],
                "issuer_uri": "https://token.actions.githubusercontent.com"
              }
            ],
            "project": "likvid-operatio-platform-o-t6p",
            "state": "ACTIVE",
            "timeouts": null,
            "workload_identity_pool_id": "github-identity-pool",
            "workload_identity_pool_provider_id": "github-identity-provider"
          },
          "sensitive_attributes": [],
          "private": "eyJlMmJmYjczMC1lY2FhLTExZTYtOGY4OC0zNDM2M2JjN2M0YzAiOnsiY3JlYXRlIjoxMjAwMDAwMDAwMDAwLCJkZWxldGUiOjEyMDAwMDAwMDAwMDAsInVwZGF0ZSI6MTIwMDAwMDAwMDAwMH19",
          "dependencies": [
            "module.gh_oidc.google_iam_workload_identity_pool.main"
          ]
        }
      ]
    },
    {
      "module": "module.gh_oidc",
      "mode": "managed",
      "type": "google_service_account_iam_member",
      "name": "wif-sa",
      "provider": "provider[\"registry.terraform.io/hashicorp/google\"]",
      "instances": [
        {
          "index_key": "my_service_account",
          "schema_version": 0,
          "attributes": {
            "condition": [],
            "etag": "BwXa6f4f3Ss=",
            "id": "projects/likvid-operatio-platform-o-t6p/serviceAccounts/githubactionssa@likvid-operatio-platform-o-t6p.iam.gserviceaccount.com/roles/iam.workloadIdentityUser/principalSet://iam.googleapis.com/projects/973042291167/locations/global/workloadIdentityPools/github-identity-pool/attribute.repository/meshcloud/number-four",
            "member": "principalSet://iam.googleapis.com/projects/973042291167/locations/global/workloadIdentityPools/github-identity-pool/attribute.repository/meshcloud/number-four",
            "role": "roles/iam.workloadIdentityUser",
            "service_account_id": "projects/likvid-operatio-platform-o-t6p/serviceAccounts/githubactionssa@likvid-operatio-platform-o-t6p.iam.gserviceaccount.com"
          },
          "sensitive_attributes": [],
          "private": "bnVsbA==",
          "dependencies": [
            "module.gh_oidc.google_iam_workload_identity_pool.main",
            "module.github_actions_sa.google_service_account.service_accounts"
          ]
        }
      ]
    },
    {
      "module": "module.github_actions_sa",
      "mode": "managed",
      "type": "google_project_iam_member",
      "name": "project-roles",
      "provider": "provider[\"registry.terraform.io/hashicorp/google\"]",
      "instances": [
        {
          "index_key": "githubactionssa-likvid-operatio-platform-o-t6p=\u003eroles/editor",
          "schema_version": 0,
          "attributes": {
            "condition": [],
            "etag": "BwXa6zju3P4=",
            "id": "likvid-operatio-platform-o-t6p/roles/editor/serviceAccount:githubactionssa@likvid-operatio-platform-o-t6p.iam.gserviceaccount.com",
            "member": "serviceAccount:githubactionssa@likvid-operatio-platform-o-t6p.iam.gserviceaccount.com",
            "project": "likvid-operatio-platform-o-t6p",
            "role": "roles/editor"
          },
          "sensitive_attributes": [],
          "private": "bnVsbA==",
          "dependencies": [
            "module.github_actions_sa.google_service_account.service_accounts"
          ]
        }
      ]
    },
    {
      "module": "module.github_actions_sa",
      "mode": "managed",
      "type": "google_service_account",
      "name": "service_accounts",
      "provider": "provider[\"registry.terraform.io/hashicorp/google\"]",
      "instances": [
        {
          "index_key": "githubactionssa",
          "schema_version": 0,
          "attributes": {
            "account_id": "githubactionssa",
            "description": "",
            "disabled": false,
            "display_name": "Github Actions SA",
            "email": "githubactionssa@likvid-operatio-platform-o-t6p.iam.gserviceaccount.com",
            "id": "projects/likvid-operatio-platform-o-t6p/serviceAccounts/githubactionssa@likvid-operatio-platform-o-t6p.iam.gserviceaccount.com",
            "name": "projects/likvid-operatio-platform-o-t6p/serviceAccounts/githubactionssa@likvid-operatio-platform-o-t6p.iam.gserviceaccount.com",
            "project": "likvid-operatio-platform-o-t6p",
            "timeouts": null,
            "unique_id": "118309308374043392483"
          },
          "sensitive_attributes": [],
          "private": "eyJlMmJmYjczMC1lY2FhLTExZTYtOGY4OC0zNDM2M2JjN2M0YzAiOnsiY3JlYXRlIjozMDAwMDAwMDAwMDB9fQ=="
        }
      ]
    }
  ]
}
