{
  "version": 4,
  "terraform_version": "1.0.2",
  "serial": 1,
  "lineage": "87dacd52-e761-9ada-cefd-d1810343bb08",
  "outputs": {},
  "resources": [
    {
      "mode": "managed",
      "type": "azurerm_resource_group",
      "name": "infrastructure_rg",
      "provider": "provider[\"registry.terraform.io/hashicorp/azurerm\"]",
      "instances": [
        {
          "schema_version": 0,
          "attributes": {
            "id": "/subscriptions/8f25c6cb-7398-4054-8f25-3f950f7b0234/resourceGroups/6e60374c-eaf8-43f4-a64b-f96550b552aa",
            "location": "germanywestcentral",
            "name": "6e60374c-eaf8-43f4-a64b-f96550b552aa",
            "tags": null,
            "timeouts": null
          },
          "sensitive_attributes": [],
          "private": "eyJlMmJmYjczMC1lY2FhLTExZTYtOGY4OC0zNDM2M2JjN2M0YzAiOnsiY3JlYXRlIjo1NDAwMDAwMDAwMDAwLCJkZWxldGUiOjU0MDAwMDAwMDAwMDAsInJlYWQiOjMwMDAwMDAwMDAwMCwidXBkYXRlIjo1NDAwMDAwMDAwMDAwfX0="
        }
      ]
    }
  ]
}
