{
  "version": 4,
  "terraform_version": "1.0.9",
  "serial": 6,
  "lineage": "cd923e92-aa02-9eec-e0fc-1b9b7f77dc2f",
  "outputs": {},
  "resources": [
    {
      "mode": "managed",
      "type": "azurerm_network_security_group",
      "name": "main",
      "provider": "provider[\"registry.terraform.io/hashicorp/azurerm\"]",
      "instances": [
        {
          "schema_version": 0,
          "attributes": {
            "id": "/subscriptions/8f25c6cb-7398-4054-8f25-3f950f7b0234/resourceGroups/f2f528a1-89ab-4926-8d8c-4e166b734bb4/providers/Microsoft.Network/networkSecurityGroups/SG-f2f528a1-89ab-4926-8d8c-4e166b734bb4",
            "location": "westeurope",
            "name": "SG-f2f528a1-89ab-4926-8d8c-4e166b734bb4",
            "resource_group_name": "f2f528a1-89ab-4926-8d8c-4e166b734bb4",
            "security_rule": [],
            "tags": {},
            "timeouts": null
          },
          "sensitive_attributes": [],
          "private": "eyJlMmJmYjczMC1lY2FhLTExZTYtOGY4OC0zNDM2M2JjN2M0YzAiOnsiY3JlYXRlIjoxODAwMDAwMDAwMDAwLCJkZWxldGUiOjE4MDAwMDAwMDAwMDAsInJlYWQiOjMwMDAwMDAwMDAwMCwidXBkYXRlIjoxODAwMDAwMDAwMDAwfX0=",
          "dependencies": [
            "azurerm_resource_group.main"
          ]
        }
      ]
    },
    {
      "mode": "managed",
      "type": "azurerm_resource_group",
      "name": "main",
      "provider": "provider[\"registry.terraform.io/hashicorp/azurerm\"]",
      "instances": [
        {
          "schema_version": 0,
          "attributes": {
            "id": "/subscriptions/8f25c6cb-7398-4054-8f25-3f950f7b0234/resourceGroups/f2f528a1-89ab-4926-8d8c-4e166b734bb4",
            "location": "westeurope",
            "name": "f2f528a1-89ab-4926-8d8c-4e166b734bb4",
            "tags": {},
            "timeouts": null
          },
          "sensitive_attributes": [],
          "private": "eyJlMmJmYjczMC1lY2FhLTExZTYtOGY4OC0zNDM2M2JjN2M0YzAiOnsiY3JlYXRlIjo1NDAwMDAwMDAwMDAwLCJkZWxldGUiOjU0MDAwMDAwMDAwMDAsInJlYWQiOjMwMDAwMDAwMDAwMCwidXBkYXRlIjo1NDAwMDAwMDAwMDAwfX0="
        }
      ]
    },
    {
      "mode": "managed",
      "type": "azurerm_virtual_network",
      "name": "main",
      "provider": "provider[\"registry.terraform.io/hashicorp/azurerm\"]",
      "instances": [
        {
          "schema_version": 0,
          "attributes": {
            "address_space": [
              "10.0.0.0/27"
            ],
            "bgp_community": "",
            "ddos_protection_plan": [],
            "dns_servers": [],
            "guid": "338b005b-9f2b-4a20-8ba7-86c6af3655b3",
            "id": "/subscriptions/8f25c6cb-7398-4054-8f25-3f950f7b0234/resourceGroups/f2f528a1-89ab-4926-8d8c-4e166b734bb4/providers/Microsoft.Network/virtualNetworks/UP-f2f528a1-89ab-4926-8d8c-4e166b734bb4",
            "location": "westeurope",
            "name": "UP-f2f528a1-89ab-4926-8d8c-4e166b734bb4",
            "resource_group_name": "f2f528a1-89ab-4926-8d8c-4e166b734bb4",
            "subnet": [
              {
                "address_prefix": "10.0.0.0/28",
                "id": "/subscriptions/8f25c6cb-7398-4054-8f25-3f950f7b0234/resourceGroups/f2f528a1-89ab-4926-8d8c-4e166b734bb4/providers/Microsoft.Network/virtualNetworks/UP-f2f528a1-89ab-4926-8d8c-4e166b734bb4/subnets/public",
                "name": "public",
                "security_group": "/subscriptions/8f25c6cb-7398-4054-8f25-3f950f7b0234/resourceGroups/f2f528a1-89ab-4926-8d8c-4e166b734bb4/providers/Microsoft.Network/networkSecurityGroups/SG-f2f528a1-89ab-4926-8d8c-4e166b734bb4"
              },
              {
                "address_prefix": "10.0.0.16/28",
                "id": "/subscriptions/8f25c6cb-7398-4054-8f25-3f950f7b0234/resourceGroups/f2f528a1-89ab-4926-8d8c-4e166b734bb4/providers/Microsoft.Network/virtualNetworks/UP-f2f528a1-89ab-4926-8d8c-4e166b734bb4/subnets/private",
                "name": "private",
                "security_group": "/subscriptions/8f25c6cb-7398-4054-8f25-3f950f7b0234/resourceGroups/f2f528a1-89ab-4926-8d8c-4e166b734bb4/providers/Microsoft.Network/networkSecurityGroups/SG-f2f528a1-89ab-4926-8d8c-4e166b734bb4"
              }
            ],
            "tags": {},
            "timeouts": null,
            "vm_protection_enabled": false
          },
          "sensitive_attributes": [],
          "private": "eyJlMmJmYjczMC1lY2FhLTExZTYtOGY4OC0zNDM2M2JjN2M0YzAiOnsiY3JlYXRlIjoxODAwMDAwMDAwMDAwLCJkZWxldGUiOjE4MDAwMDAwMDAwMDAsInJlYWQiOjMwMDAwMDAwMDAwMCwidXBkYXRlIjoxODAwMDAwMDAwMDAwfX0=",
          "dependencies": [
            "azurerm_resource_group.main",
            "azurerm_network_security_group.main"
          ]
        }
      ]
    }
  ]
}
